
Microsoft Visual Studio Solution File, Format Version 12.00
# Visual Studio Version 16
VisualStudioVersion = 16.0.30204.135
MinimumVisualStudioVersion = 10.0.40219.1
Project("{9A19103F-16F7-4668-BE54-9A1E7A4F7556}") = "Kursova", "Kursova\Kursova.csproj", "{EF079B2D-3412-41D9-A79F-49ABA2B4F111}"
EndProject
Global
	GlobalSection(SolutionConfigurationPlatforms) = preSolution
		Debug|Any CPU = Debug|Any CPU
		Release|Any CPU = Release|Any CPU
	EndGlobalSection
	GlobalSection(ProjectConfigurationPlatforms) = postSolution
		{EF079B2D-3412-41D9-A79F-49ABA2B4F111}.Debug|Any CPU.ActiveCfg = Debug|Any CPU
		{EF079B2D-3412-41D9-A79F-49ABA2B4F111}.Debug|Any CPU.Build.0 = Debug|Any CPU
		{EF079B2D-3412-41D9-A79F-49ABA2B4F111}.Release|Any CPU.ActiveCfg = Release|Any CPU
		{EF079B2D-3412-41D9-A79F-49ABA2B4F111}.Release|Any CPU.Build.0 = Release|Any CPU
	EndGlobalSection
	GlobalSection(SolutionProperties) = preSolution
		HideSolutionNode = FALSE
	EndGlobalSection
	GlobalSection(ExtensibilityGlobals) = postSolution
		SolutionGuid = {180C2E19-E16C-4FC1-8591-BB1A09C01E39}
	EndGlobalSection
EndGlobal
